
Microsoft Visual Studio Solution File, Format Version 12.00
# Visual Studio Version 17
VisualStudioVersion = 17.14.36109.1
MinimumVisualStudioVersion = 10.0.40219.1
Project("{FAE04EC0-301F-11D3-BF4B-00C04F79EFBC}") = "core", "core\core.csproj", "{4438492B-D035-4300-B1B8-32C037B8C850}"
EndProject
Project("{FAE04EC0-301F-11D3-BF4B-00C04F79EFBC}") = "ProductService", "ProductService\ProductService.csproj", "{B81C80B1-A720-4A84-ACB0-6680908A3C30}"
EndProject
Global
	GlobalSection(SolutionConfigurationPlatforms) = preSolution
		Debug|Any CPU = Debug|Any CPU
		Release|Any CPU = Release|Any CPU
	EndGlobalSection
	GlobalSection(ProjectConfigurationPlatforms) = postSolution
		{4438492B-D035-4300-B1B8-32C037B8C850}.Debug|Any CPU.ActiveCfg = Debug|Any CPU
		{4438492B-D035-4300-B1B8-32C037B8C850}.Debug|Any CPU.Build.0 = Debug|Any CPU
		{4438492B-D035-4300-B1B8-32C037B8C850}.Release|Any CPU.ActiveCfg = Release|Any CPU
		{4438492B-D035-4300-B1B8-32C037B8C850}.Release|Any CPU.Build.0 = Release|Any CPU
		{B81C80B1-A720-4A84-ACB0-6680908A3C30}.Debug|Any CPU.ActiveCfg = Debug|Any CPU
		{B81C80B1-A720-4A84-ACB0-6680908A3C30}.Debug|Any CPU.Build.0 = Debug|Any CPU
		{B81C80B1-A720-4A84-ACB0-6680908A3C30}.Release|Any CPU.ActiveCfg = Release|Any CPU
		{B81C80B1-A720-4A84-ACB0-6680908A3C30}.Release|Any CPU.Build.0 = Release|Any CPU
	EndGlobalSection
	GlobalSection(SolutionProperties) = preSolution
		HideSolutionNode = FALSE
	EndGlobalSection
	GlobalSection(ExtensibilityGlobals) = postSolution
		SolutionGuid = {ADCA5895-3021-499C-9CAD-F8687726D642}
	EndGlobalSection
EndGlobal
